hash: 3d665d51dd849d7a7d3e0e050c14a099e54fb1992dca0a9ab3f354db6dbbcd79
updated: 2018-05-24T10:58:00.03463+02:00
imports:
- name: github.com/armon/go-metrics
  version: 783273d703149aaeb9897cf58613d5af48861c25
- name: github.com/BurntSushi/toml
  version: a368813c5e648fee92e5f6c30e3944ff9d5e8895
- name: github.com/eclipse/paho.mqtt.golang
  version: 9ec68b7894ac4cd48fc9126e910e571d50eb5d9c
  subpackages:
  - packets
- name: github.com/go-zoo/bone
  version: 9eaad4b99a9a66b85c0cc32cb9691621ccfa4278
- name: github.com/gorilla/context
  version: 08b5f424b9271eedf6f9f0ce86cb9396ed337a42
- name: github.com/gorilla/mux
  version: c85619274f5d55a67491010f883a91f568b3a9b0
- name: github.com/hashicorp/consul
  version: cceb79cbc5edbee1db0f56f59a92d45198915777
  subpackages:
  - api
- name: github.com/hashicorp/go-cleanhttp
  version: d5fe4b57a186c716b0e00b8c301cbd9b4182694d
- name: github.com/hashicorp/go-immutable-radix
  version: 7f3cd4390caab3250a57f30efdb2a65dd7649ecf
- name: github.com/hashicorp/go-rootcerts
  version: 6bb64b370b90e7ef1fa532be9e591a81c3493e00
- name: github.com/hashicorp/golang-lru
  version: 0fb14efe8c47ae851c0034ed7a448854d3d34cf3
  subpackages:
  - simplelru
- name: github.com/hashicorp/serf
  version: 80ab48778deee28e4ea2dc4ef1ebb2c5f4063996
  subpackages:
  - coordinate
- name: github.com/influxdata/influxdb
  version: e3d7095d1426b2e80c7184d910149c885401dfe1
  subpackages:
  - client/v2
  - models
  - pkg/escape
- name: github.com/mitchellh/go-homedir
  version: 3864e76763d94a6df2f9960b16a20a33da9f9a66
- name: github.com/pebbe/zmq4
  version: 5b443b6471cea4b4f9f85025530c04c93233f76a
- name: github.com/robfig/cron
  version: b41be1df696709bb6395fe435af20370037c0b4c
- name: go.uber.org/atomic
  version: 1ea20fb1cbb1cc08cbd0d913a96dead89aa18289
- name: go.uber.org/multierr
  version: 3c4937480c32f4c13a875a1829af76c98ca3d40a
- name: go.uber.org/zap
  version: 2dc8d10634f473f4dc678e48391a9dc8cf6ae6f9
  subpackages:
  - buffer
  - internal/bufferpool
  - internal/color
  - internal/exit
  - zapcore
- name: golang.org/x/net
  version: 9ef9f5bb98a1fdc41f8cf6c250a4404b4085e389
  subpackages:
  - internal/socks
  - proxy
  - websocket
- name: gopkg.in/mgo.v2
  version: 3f83fa5005286a7fe593b055f0d7771a7dce4655
  subpackages:
  - bson
  - internal/json
  - internal/sasl
  - internal/scram
- name: gopkg.in/yaml.v2
  version: 5420a8b6744d3b0345ab293f6fcba19c978f1183
testImports: []
