hash: d5d960d4fb2dcd0e2b67f2ee17c9569a4bacc9bf42357d2db1c20527dc520177
updated: 2018-02-28T09:53:12.991466981-06:00
imports:
- name: github.com/armon/go-metrics
  version: 783273d703149aaeb9897cf58613d5af48861c25
- name: github.com/eclipse/paho.mqtt.golang
  version: b01d90bf326f7cf67915b70d48140961284e5c01
  subpackages:
  - packets
- name: github.com/go-zoo/bone
  version: 9eaad4b99a9a66b85c0cc32cb9691621ccfa4278
- name: github.com/gorilla/context
  version: 08b5f424b9271eedf6f9f0ce86cb9396ed337a42
- name: github.com/gorilla/mux
  version: 07ba1fd60e210dc5cc6f86ec25dc9ecc7c95c295
- name: github.com/hashicorp/consul
  version: acfc60523fd7cd13aa8d8377a037d3090a395ab7
  subpackages:
  - api
- name: github.com/hashicorp/go-cleanhttp
  version: d5fe4b57a186c716b0e00b8c301cbd9b4182694d
- name: github.com/hashicorp/go-immutable-radix
  version: 7f3cd4390caab3250a57f30efdb2a65dd7649ecf
- name: github.com/hashicorp/go-rootcerts
  version: 6bb64b370b90e7ef1fa532be9e591a81c3493e00
- name: github.com/hashicorp/golang-lru
  version: 0fb14efe8c47ae851c0034ed7a448854d3d34cf3
  subpackages:
  - simplelru
- name: github.com/hashicorp/serf
  version: d4f33d5b6a0b7b252b122dc80d559e9e5280d2d4
  subpackages:
  - coordinate
- name: github.com/mitchellh/go-homedir
  version: b8bc1bf767474819792c23f32d8286a45736f1c6
- name: github.com/pebbe/zmq4
  version: 6decad45434f1cddeccf1dc5d9d86d8249decd19
- name: github.com/robfig/cron
  version: 2315d5715e36303a941d907f038da7f7c44c773b
- name: go.uber.org/atomic
  version: 8474b86a5a6f79c443ce4b2992817ff32cf208b8
- name: go.uber.org/multierr
  version: 3c4937480c32f4c13a875a1829af76c98ca3d40a
- name: go.uber.org/zap
  version: f85c78b1dd998214c5f2138155b320a4a43fbe36
  subpackages:
  - buffer
  - internal/bufferpool
  - internal/color
  - internal/exit
  - zapcore
- name: golang.org/x/net
  version: cbe0f9307d0156177f9dd5dc85da1a31abc5f2fb
  subpackages:
  - proxy
  - websocket
- name: gopkg.in/mgo.v2
  version: 3f83fa5005286a7fe593b055f0d7771a7dce4655
  subpackages:
  - bson
  - internal/json
  - internal/sasl
  - internal/scram
- name: gopkg.in/yaml.v2
  version: 7f97868eec74b32b0982dd158a51a446d1da7eb5
testImports: []
