github.com/canonical/edgex-snap-hooks/v3 v3.0.0 h1:G2mX0c+QuzOoo3AJMmFFVwnxYBNASiaEaUgJiJ5+/48=
github.com/canonical/edgex-snap-hooks/v3 v3.0.0/go.mod h1:qGZwprCZGZk2pA9BrleUtSrGrfHIaIz1356p8aqzuN4=
github.com/davecgh/go-spew v1.1.1 h1:vj9j/u1bqnvCEfJOwUhtlOARqs3+rkHYY13jYWTU97c=
github.com/pmezard/go-difflib v1.0.0 h1:4DBwDE0NGyQoBHbLQYPwSUPoCMWR5BEzIk/f1lZbAQM=
github.com/stretchr/testify v1.8.2 h1:+h33VjcLVPDHtOdpUCuF+7gSuG3yGIftsP1YvFihtJ8=
gopkg.in/yaml.v3 v3.0.1 h1:fxVm/GzAzEWqLHuvctI91KS9hhNmmWOoWu0XTYJS7CA=
